
Microsoft Visual Studio Solution File, Format Version 12.00
# Visual Studio Version 16
VisualStudioVersion = 16.0.29613.14
MinimumVisualStudioVersion = 10.0.40219.1
Project("{FAE04EC0-301F-11D3-BF4B-00C04F79EFBC}") = "JWTAuth", "JWTAuth\JWTAuth.csproj", "{10B755F2-59E3-4E8D-ADE8-2F2B06DBDA56}"
EndProject
Global
	GlobalSection(SolutionConfigurationPlatforms) = preSolution
		Debug|Any CPU = Debug|Any CPU
		Release|Any CPU = Release|Any CPU
	EndGlobalSection
	GlobalSection(ProjectConfigurationPlatforms) = postSolution
		{10B755F2-59E3-4E8D-ADE8-2F2B06DBDA56}.Debug|Any CPU.ActiveCfg = Debug|Any CPU
		{10B755F2-59E3-4E8D-ADE8-2F2B06DBDA56}.Debug|Any CPU.Build.0 = Debug|Any CPU
		{10B755F2-59E3-4E8D-ADE8-2F2B06DBDA56}.Release|Any CPU.ActiveCfg = Release|Any CPU
		{10B755F2-59E3-4E8D-ADE8-2F2B06DBDA56}.Release|Any CPU.Build.0 = Release|Any CPU
	EndGlobalSection
	GlobalSection(SolutionProperties) = preSolution
		HideSolutionNode = FALSE
	EndGlobalSection
	GlobalSection(ExtensibilityGlobals) = postSolution
		SolutionGuid = {7F6AD964-5611-4097-8D70-3432A807C070}
	EndGlobalSection
EndGlobal
